<?xml version="1.0" encoding="utf-8"?>
<Project ToolsVersion="4.0" xmlns="http://schemas.microsoft.com/developer/msbuild/2003">
  <ItemGroup>
    <Filter Include="Source Files">
      <UniqueIdentifier>{24c5e857-0801-48c8-b251-228a5ff0e0af}</UniqueIdentifier>
      <Extensions>c;cpp;lib</Extensions>
    </Filter>
    <Filter Include="Dialogs">
      <UniqueIdentifier>{2091f380-60fe-4fc0-923f-08d168c1dc4f}</UniqueIdentifier>
    </Filter>
    <Filter Include="Resources">
      <UniqueIdentifier>{1160c946-625a-459c-89e6-27a06d4969f3}</UniqueIdentifier>
      <Extensions>res;rc;ico;bmp</Extensions>
    </Filter>
    <Filter Include="Classes &amp; Libraries">
      <UniqueIdentifier>{85af11d6-b5a1-4534-a4f2-dc2f3b3977ec}</UniqueIdentifier>
    </Filter>
    <Filter Include="Classes &amp; Libraries\NSWFL">
      <UniqueIdentifier>{bad0e70f-6703-40c2-af58-75208629db34}</UniqueIdentifier>
    </Filter>
    <Filter Include="Classes &amp; Libraries\CGraph">
      <UniqueIdentifier>{4603c4a7-6efb-45f9-9bd4-608323088fc0}</UniqueIdentifier>
    </Filter>
  </ItemGroup>
  <ItemGroup>
    <ClCompile Include="Source\Entry.Cpp">
      <Filter>Source Files</Filter>
    </ClCompile>
    <ClCompile Include="Source\Routines.Cpp">
      <Filter>Source Files</Filter>
    </ClCompile>
    <ClCompile Include="Dialogs\MainDlg.Cpp">
      <Filter>Dialogs</Filter>
    </ClCompile>
    <ClCompile Include="..\..\..\NTDLSLibs\NSWFL\NSWFL_Conversion.Cpp">
      <Filter>Classes &amp; Libraries\NSWFL</Filter>
    </ClCompile>
    <ClCompile Include="..\..\..\NTDLSLibs\NSWFL\NSWFL_DateTime.Cpp">
      <Filter>Classes &amp; Libraries\NSWFL</Filter>
    </ClCompile>
    <ClCompile Include="..\..\..\NTDLSLibs\NSWFL\NSWFL_File.Cpp">
      <Filter>Classes &amp; Libraries\NSWFL</Filter>
    </ClCompile>
    <ClCompile Include="..\..\..\NTDLSLibs\NSWFL\NSWFL_KeyGeneration.Cpp">
      <Filter>Classes &amp; Libraries\NSWFL</Filter>
    </ClCompile>
    <ClCompile Include="..\..\..\NTDLSLibs\NSWFL\NSWFL_ListBox.Cpp">
      <Filter>Classes &amp; Libraries\NSWFL</Filter>
    </ClCompile>
    <ClCompile Include="..\..\..\NTDLSLibs\NSWFL\NSWFL_ListView.Cpp">
      <Filter>Classes &amp; Libraries\NSWFL</Filter>
    </ClCompile>
    <ClCompile Include="..\..\..\NTDLSLibs\NSWFL\NSWFL_Math.Cpp">
      <Filter>Classes &amp; Libraries\NSWFL</Filter>
    </ClCompile>
    <ClCompile Include="..\..\..\NTDLSLibs\NSWFL\NSWFL_Memory.Cpp">
      <Filter>Classes &amp; Libraries\NSWFL</Filter>
    </ClCompile>
    <ClCompile Include="..\..\..\NTDLSLibs\NSWFL\NSWFL_Menu.Cpp">
      <Filter>Classes &amp; Libraries\NSWFL</Filter>
    </ClCompile>
    <ClCompile Include="..\..\..\NTDLSLibs\NSWFL\NSWFL_Registry.Cpp">
      <Filter>Classes &amp; Libraries\NSWFL</Filter>
    </ClCompile>
    <ClCompile Include="..\..\..\NTDLSLibs\NSWFL\NSWFL_String.Cpp">
      <Filter>Classes &amp; Libraries\NSWFL</Filter>
    </ClCompile>
    <ClCompile Include="..\..\..\NTDLSLibs\NSWFL\NSWFL_System.Cpp">
      <Filter>Classes &amp; Libraries\NSWFL</Filter>
    </ClCompile>
    <ClCompile Include="..\..\..\NTDLSLibs\NSWFL\NSWFL_Types.Cpp">
      <Filter>Classes &amp; Libraries\NSWFL</Filter>
    </ClCompile>
    <ClCompile Include="..\..\..\NTDLSLibs\NSWFL\NSWFL_Windows.Cpp">
      <Filter>Classes &amp; Libraries\NSWFL</Filter>
    </ClCompile>
    <ClCompile Include="..\CGraph.Cpp">
      <Filter>Classes &amp; Libraries\CGraph</Filter>
    </ClCompile>
  </ItemGroup>
  <ItemGroup>
    <ClInclude Include="Source\Entry.H">
      <Filter>Source Files</Filter>
    </ClInclude>
    <ClInclude Include="Resources\resource.h">
      <Filter>Source Files</Filter>
    </ClInclude>
    <ClInclude Include="Source\Routines.H">
      <Filter>Source Files</Filter>
    </ClInclude>
    <ClInclude Include="Dialogs\MainDlg.H">
      <Filter>Dialogs</Filter>
    </ClInclude>
    <ClInclude Include="..\..\..\NTDLSLibs\NSWFL\NSWFL.h">
      <Filter>Classes &amp; Libraries\NSWFL</Filter>
    </ClInclude>
    <ClInclude Include="..\..\..\NTDLSLibs\NSWFL\NSWFL_Conversion.H">
      <Filter>Classes &amp; Libraries\NSWFL</Filter>
    </ClInclude>
    <ClInclude Include="..\..\..\NTDLSLibs\NSWFL\NSWFL_DateTime.H">
      <Filter>Classes &amp; Libraries\NSWFL</Filter>
    </ClInclude>
    <ClInclude Include="..\..\..\NTDLSLibs\NSWFL\NSWFL_File.H">
      <Filter>Classes &amp; Libraries\NSWFL</Filter>
    </ClInclude>
    <ClInclude Include="..\..\..\NTDLSLibs\NSWFL\NSWFL_KeyGeneration.H">
      <Filter>Classes &amp; Libraries\NSWFL</Filter>
    </ClInclude>
    <ClInclude Include="..\..\..\NTDLSLibs\NSWFL\NSWFL_ListBox.H">
      <Filter>Classes &amp; Libraries\NSWFL</Filter>
    </ClInclude>
    <ClInclude Include="..\..\..\NTDLSLibs\NSWFL\NSWFL_ListView.H">
      <Filter>Classes &amp; Libraries\NSWFL</Filter>
    </ClInclude>
    <ClInclude Include="..\..\..\NTDLSLibs\NSWFL\NSWFL_Math.H">
      <Filter>Classes &amp; Libraries\NSWFL</Filter>
    </ClInclude>
    <ClInclude Include="..\..\..\NTDLSLibs\NSWFL\NSWFL_Memory.H">
      <Filter>Classes &amp; Libraries\NSWFL</Filter>
    </ClInclude>
    <ClInclude Include="..\..\..\NTDLSLibs\NSWFL\NSWFL_Menu.H">
      <Filter>Classes &amp; Libraries\NSWFL</Filter>
    </ClInclude>
    <ClInclude Include="..\..\..\NTDLSLibs\NSWFL\NSWFL_Registry.H">
      <Filter>Classes &amp; Libraries\NSWFL</Filter>
    </ClInclude>
    <ClInclude Include="..\..\..\NTDLSLibs\NSWFL\NSWFL_String.H">
      <Filter>Classes &amp; Libraries\NSWFL</Filter>
    </ClInclude>
    <ClInclude Include="..\..\..\NTDLSLibs\NSWFL\NSWFL_System.H">
      <Filter>Classes &amp; Libraries\NSWFL</Filter>
    </ClInclude>
    <ClInclude Include="..\..\..\NTDLSLibs\NSWFL\NSWFL_Types.H">
      <Filter>Classes &amp; Libraries\NSWFL</Filter>
    </ClInclude>
    <ClInclude Include="..\..\..\NTDLSLibs\NSWFL\NSWFL_Windows.H">
      <Filter>Classes &amp; Libraries\NSWFL</Filter>
    </ClInclude>
    <ClInclude Include="..\CGraph.H">
      <Filter>Classes &amp; Libraries\CGraph</Filter>
    </ClInclude>
  </ItemGroup>
  <ItemGroup>
    <None Include="Resources\handcurs.cur">
      <Filter>Resources</Filter>
    </None>
    <None Include="Resources\MainIcon.ico">
      <Filter>Resources</Filter>
    </None>
    <None Include="Resources\Texture.raw">
      <Filter>Resources</Filter>
    </None>
    <None Include="Resources\XPTheme.bin">
      <Filter>Resources</Filter>
    </None>
  </ItemGroup>
  <ItemGroup>
    <ResourceCompile Include="Resources\Resource.rc">
      <Filter>Resources</Filter>
    </ResourceCompile>
  </ItemGroup>
</Project>